
Microsoft Visual Studio Solution File, Format Version 12.00
# Visual Studio Version 17
VisualStudioVersion = 17.7.34024.191
MinimumVisualStudioVersion = 10.0.40219.1
Project("{FAE04EC0-301F-11D3-BF4B-00C04F79EFBC}") = "Rabbit and Turtle", "Rabbit and Turtle\Rabbit and Turtle.csproj", "{C9FC4147-786D-4EDE-AB95-A3ED3684F8C2}"
EndProject
Global
	GlobalSection(SolutionConfigurationPlatforms) = preSolution
		Debug|Any CPU = Debug|Any CPU
		Release|Any CPU = Release|Any CPU
	EndGlobalSection
	GlobalSection(ProjectConfigurationPlatforms) = postSolution
		{C9FC4147-786D-4EDE-AB95-A3ED3684F8C2}.Debug|Any CPU.ActiveCfg = Debug|Any CPU
		{C9FC4147-786D-4EDE-AB95-A3ED3684F8C2}.Debug|Any CPU.Build.0 = Debug|Any CPU
		{C9FC4147-786D-4EDE-AB95-A3ED3684F8C2}.Release|Any CPU.ActiveCfg = Release|Any CPU
		{C9FC4147-786D-4EDE-AB95-A3ED3684F8C2}.Release|Any CPU.Build.0 = Release|Any CPU
	EndGlobalSection
	GlobalSection(SolutionProperties) = preSolution
		HideSolutionNode = FALSE
	EndGlobalSection
	GlobalSection(ExtensibilityGlobals) = postSolution
		SolutionGuid = {75874F37-93D4-40E8-B311-FB9D493B533A}
	EndGlobalSection
EndGlobal
